
Microsoft Visual Studio Solution File, Format Version 12.00
# Visual Studio Version 17
VisualStudioVersion = 17.5.33516.290
MinimumVisualStudioVersion = 10.0.40219.1
Project("{9A19103F-16F7-4668-BE54-9A1E7A4F7556}") = "Survey_app", "Survey_app\Survey_app.csproj", "{280286CB-70BA-4CF2-807A-F8083A63DC84}"
EndProject
Project("{2150E333-8FDC-42A3-9474-1A3956D46DE8}") = "DevExtreme NuGet.config", "DevExtreme NuGet.config", "{0572089E-C287-4F09-A823-D33C35525DB2}"
	ProjectSection(SolutionItems) = preProject
		NuGet.config = NuGet.config
	EndProjectSection
EndProject
Global
	GlobalSection(SolutionConfigurationPlatforms) = preSolution
		Debug|Any CPU = Debug|Any CPU
		Release|Any CPU = Release|Any CPU
	EndGlobalSection
	GlobalSection(ProjectConfigurationPlatforms) = postSolution
		{280286CB-70BA-4CF2-807A-F8083A63DC84}.Debug|Any CPU.ActiveCfg = Debug|Any CPU
		{280286CB-70BA-4CF2-807A-F8083A63DC84}.Debug|Any CPU.Build.0 = Debug|Any CPU
		{280286CB-70BA-4CF2-807A-F8083A63DC84}.Release|Any CPU.ActiveCfg = Release|Any CPU
		{280286CB-70BA-4CF2-807A-F8083A63DC84}.Release|Any CPU.Build.0 = Release|Any CPU
	EndGlobalSection
	GlobalSection(SolutionProperties) = preSolution
		HideSolutionNode = FALSE
	EndGlobalSection
	GlobalSection(ExtensibilityGlobals) = postSolution
		SolutionGuid = {4CE5B77D-78CC-4577-BECE-A008E7163A1D}
	EndGlobalSection
EndGlobal
